
Microsoft Visual Studio Solution File, Format Version 12.00
# Visual Studio 15
VisualStudioVersion = 15.0.27004.2009
MinimumVisualStudioVersion = 10.0.40219.1
Project("{9A19103F-16F7-4668-BE54-9A1E7A4F7556}") = "Vstsdemo", "Vstsdemo\Vstsdemo.csproj", "{6B27C801-61D8-481E-9C58-23F46C15F019}"
EndProject
Project("{9A19103F-16F7-4668-BE54-9A1E7A4F7556}") = "Vstsdemo.tests", "Vstsdemo.tests\Vstsdemo.tests.csproj", "{6B7C66DA-36F0-4DB8-A556-78C260EC3690}"
EndProject
Project("{FAE04EC0-301F-11D3-BF4B-00C04F79EFBC}") = "Vstsdemo.NunitTests", "Vstsdemo.NunitTests\Vstsdemo.NunitTests.csproj", "{35A03A0F-82BD-4EEF-9745-8DA154BAB294}"
EndProject
Global
	GlobalSection(SolutionConfigurationPlatforms) = preSolution
		Debug|Any CPU = Debug|Any CPU
		Release|Any CPU = Release|Any CPU
	EndGlobalSection
	GlobalSection(ProjectConfigurationPlatforms) = postSolution
		{6B27C801-61D8-481E-9C58-23F46C15F019}.Debug|Any CPU.ActiveCfg = Debug|Any CPU
		{6B27C801-61D8-481E-9C58-23F46C15F019}.Debug|Any CPU.Build.0 = Debug|Any CPU
		{6B27C801-61D8-481E-9C58-23F46C15F019}.Release|Any CPU.ActiveCfg = Release|Any CPU
		{6B27C801-61D8-481E-9C58-23F46C15F019}.Release|Any CPU.Build.0 = Release|Any CPU
		{6B7C66DA-36F0-4DB8-A556-78C260EC3690}.Debug|Any CPU.ActiveCfg = Debug|Any CPU
		{6B7C66DA-36F0-4DB8-A556-78C260EC3690}.Debug|Any CPU.Build.0 = Debug|Any CPU
		{6B7C66DA-36F0-4DB8-A556-78C260EC3690}.Release|Any CPU.ActiveCfg = Release|Any CPU
		{6B7C66DA-36F0-4DB8-A556-78C260EC3690}.Release|Any CPU.Build.0 = Release|Any CPU
		{35A03A0F-82BD-4EEF-9745-8DA154BAB294}.Debug|Any CPU.ActiveCfg = Debug|Any CPU
		{35A03A0F-82BD-4EEF-9745-8DA154BAB294}.Debug|Any CPU.Build.0 = Debug|Any CPU
		{35A03A0F-82BD-4EEF-9745-8DA154BAB294}.Release|Any CPU.ActiveCfg = Release|Any CPU
		{35A03A0F-82BD-4EEF-9745-8DA154BAB294}.Release|Any CPU.Build.0 = Release|Any CPU
	EndGlobalSection
	GlobalSection(SolutionProperties) = preSolution
		HideSolutionNode = FALSE
	EndGlobalSection
	GlobalSection(ExtensibilityGlobals) = postSolution
		SolutionGuid = {110621C6-78A1-4555-AC85-8FA8B603F997}
	EndGlobalSection
EndGlobal
